{
  "name": "webadventure",
  "lockfileVersion": 2,
  "requires": true,
  "packages": {
    "": {
      "dependencies": {
        "@swup/js-plugin": "^1.0.4",
        "@swup/overlay-theme": "^1.1.1",
        "@swup/slide-theme": "^1.0.5",
        "swup": "^2.0.15"
      }
    },
    "node_modules/@swup/js-plugin": {
      "version": "1.0.4",
      "resolved": "https://registry.npmjs.org/@swup/js-plugin/-/js-plugin-1.0.4.tgz",
      "integrity": "sha512-C5ufF551LS8krJ7l0vjcjgmrBhodLQVm26OlysT6qWuXSXIgkUoxRmAYvRSXcv/osWPfv3kpG3mykl/Bvz49Gg==",
      "dependencies": {
        "@swup/plugin": "^1.0.0",
        "path-to-regexp": "^3.0.0"
      }
    },
    "node_modules/@swup/overlay-theme": {
      "version": "1.1.1",
      "resolved": "https://registry.npmjs.org/@swup/overlay-theme/-/overlay-theme-1.1.1.tgz",
      "integrity": "sha512-6LvTOcpwPvKvaGkzDR7sB9moSwM1hp+7vzT7M8hnTzUaZQ4yRo1y+ZnALZy13McUbsxqDX1Xn3CTJf34rs1sDA==",
      "dependencies": {
        "@swup/theme": "^1.0.7"
      }
    },
    "node_modules/@swup/plugin": {
      "version": "1.0.1",
      "resolved": "https://registry.npmjs.org/@swup/plugin/-/plugin-1.0.1.tgz",
      "integrity": "sha512-QrTGn1DLx+50CNsk6oGzUFnyNyLkDK6iLb032qKImmAXS+0Dd1cwa8cSGvJ+I27J4qR8y6oJNurgHIEc6ZCTrg=="
    },
    "node_modules/@swup/slide-theme": {
      "version": "1.0.5",
      "resolved": "https://registry.npmjs.org/@swup/slide-theme/-/slide-theme-1.0.5.tgz",
      "integrity": "sha512-0xxqtURSMDScjLMRdNjtxzo8NGCPcmp6VXrQcxIQzQDSAvwNnP8Zw871C+FSL1EMe8OhAzWAP3E3x9vzH+iLHg==",
      "dependencies": {
        "@swup/theme": "^1.0.6"
      }
    },
    "node_modules/@swup/theme": {
      "version": "1.0.7",
      "resolved": "https://registry.npmjs.org/@swup/theme/-/theme-1.0.7.tgz",
      "integrity": "sha512-OINEaf34fYs90l7/YUUKfOf+paY7/FDhOBLwYxrD0w1OjBiItZpw3N+ATA/QklJwmoUu3KkDFOaQG0zT4KxmmA=="
    },
    "node_modules/delegate-it": {
      "version": "3.0.1",
      "resolved": "https://registry.npmjs.org/delegate-it/-/delegate-it-3.0.1.tgz",
      "integrity": "sha512-XU8H4pjDGBW74hFIbjdLPnvtU3HF3P9bbZvoFBSBLb5JgNaTkRb/2lvC1V+9kmZsxVR0kad4bU3rYhQ/4Ij+Gw==",
      "dependencies": {
        "typed-query-selector": "^2.6.1"
      }
    },
    "node_modules/opencollective-postinstall": {
      "version": "2.0.3",
      "resolved": "https://registry.npmjs.org/opencollective-postinstall/-/opencollective-postinstall-2.0.3.tgz",
      "integrity": "sha512-8AV/sCtuzUeTo8gQK5qDZzARrulB3egtLzFgteqB2tcT4Mw7B8Kt7JcDHmltjz6FOAHsvTevk70gZEbhM4ZS9Q==",
      "bin": {
        "opencollective-postinstall": "index.js"
      }
    },
    "node_modules/path-to-regexp": {
      "version": "3.2.0",
      "resolved": "https://registry.npmjs.org/path-to-regexp/-/path-to-regexp-3.2.0.tgz",
      "integrity": "sha512-jczvQbCUS7XmS7o+y1aEO9OBVFeZBQ1MDSEqmO7xSoPgOPoowY/SxLpZ6Vh97/8qHZOteiCKb7gkG9gA2ZUxJA=="
    },
    "node_modules/swup": {
      "version": "2.0.15",
      "resolved": "https://registry.npmjs.org/swup/-/swup-2.0.15.tgz",
      "integrity": "sha512-uth/fVnoec8KRIgvQKinXakIAYQo9TTe0fj4hmpq8Ce3ap/uQKi7crCvnQOGPH4JdcOzUS7Tr9PDGztqhvWHiQ==",
      "hasInstallScript": true,
      "dependencies": {
        "delegate-it": "^3.0.1",
        "opencollective-postinstall": "^2.0.2"
      }
    },
    "node_modules/typed-query-selector": {
      "version": "2.6.1",
      "resolved": "https://registry.npmjs.org/typed-query-selector/-/typed-query-selector-2.6.1.tgz",
      "integrity": "sha512-nzzcDrI0nncM5XTNyqeG7MrcXTx8lelUtNlTP+NvpnOfRzApyr+ZW4H/FoOaPfzmjn++Tf0ZxXpBN7Q3FN3ERw=="
    }
  },
  "dependencies": {
    "@swup/js-plugin": {
      "version": "1.0.4",
      "resolved": "https://registry.npmjs.org/@swup/js-plugin/-/js-plugin-1.0.4.tgz",
      "integrity": "sha512-C5ufF551LS8krJ7l0vjcjgmrBhodLQVm26OlysT6qWuXSXIgkUoxRmAYvRSXcv/osWPfv3kpG3mykl/Bvz49Gg==",
      "requires": {
        "@swup/plugin": "^1.0.0",
        "path-to-regexp": "^3.0.0"
      }
    },
    "@swup/overlay-theme": {
      "version": "1.1.1",
      "resolved": "https://registry.npmjs.org/@swup/overlay-theme/-/overlay-theme-1.1.1.tgz",
      "integrity": "sha512-6LvTOcpwPvKvaGkzDR7sB9moSwM1hp+7vzT7M8hnTzUaZQ4yRo1y+ZnALZy13McUbsxqDX1Xn3CTJf34rs1sDA==",
      "requires": {
        "@swup/theme": "^1.0.7"
      }
    },
    "@swup/plugin": {
      "version": "1.0.1",
      "resolved": "https://registry.npmjs.org/@swup/plugin/-/plugin-1.0.1.tgz",
      "integrity": "sha512-QrTGn1DLx+50CNsk6oGzUFnyNyLkDK6iLb032qKImmAXS+0Dd1cwa8cSGvJ+I27J4qR8y6oJNurgHIEc6ZCTrg=="
    },
    "@swup/slide-theme": {
      "version": "1.0.5",
      "resolved": "https://registry.npmjs.org/@swup/slide-theme/-/slide-theme-1.0.5.tgz",
      "integrity": "sha512-0xxqtURSMDScjLMRdNjtxzo8NGCPcmp6VXrQcxIQzQDSAvwNnP8Zw871C+FSL1EMe8OhAzWAP3E3x9vzH+iLHg==",
      "requires": {
        "@swup/theme": "^1.0.6"
      }
    },
    "@swup/theme": {
      "version": "1.0.7",
      "resolved": "https://registry.npmjs.org/@swup/theme/-/theme-1.0.7.tgz",
      "integrity": "sha512-OINEaf34fYs90l7/YUUKfOf+paY7/FDhOBLwYxrD0w1OjBiItZpw3N+ATA/QklJwmoUu3KkDFOaQG0zT4KxmmA=="
    },
    "delegate-it": {
      "version": "3.0.1",
      "resolved": "https://registry.npmjs.org/delegate-it/-/delegate-it-3.0.1.tgz",
      "integrity": "sha512-XU8H4pjDGBW74hFIbjdLPnvtU3HF3P9bbZvoFBSBLb5JgNaTkRb/2lvC1V+9kmZsxVR0kad4bU3rYhQ/4Ij+Gw==",
      "requires": {
        "typed-query-selector": "^2.6.1"
      }
    },
    "opencollective-postinstall": {
      "version": "2.0.3",
      "resolved": "https://registry.npmjs.org/opencollective-postinstall/-/opencollective-postinstall-2.0.3.tgz",
      "integrity": "sha512-8AV/sCtuzUeTo8gQK5qDZzARrulB3egtLzFgteqB2tcT4Mw7B8Kt7JcDHmltjz6FOAHsvTevk70gZEbhM4ZS9Q=="
    },
    "path-to-regexp": {
      "version": "3.2.0",
      "resolved": "https://registry.npmjs.org/path-to-regexp/-/path-to-regexp-3.2.0.tgz",
      "integrity": "sha512-jczvQbCUS7XmS7o+y1aEO9OBVFeZBQ1MDSEqmO7xSoPgOPoowY/SxLpZ6Vh97/8qHZOteiCKb7gkG9gA2ZUxJA=="
    },
    "swup": {
      "version": "2.0.15",
      "resolved": "https://registry.npmjs.org/swup/-/swup-2.0.15.tgz",
      "integrity": "sha512-uth/fVnoec8KRIgvQKinXakIAYQo9TTe0fj4hmpq8Ce3ap/uQKi7crCvnQOGPH4JdcOzUS7Tr9PDGztqhvWHiQ==",
      "requires": {
        "delegate-it": "^3.0.1",
        "opencollective-postinstall": "^2.0.2"
      }
    },
    "typed-query-selector": {
      "version": "2.6.1",
      "resolved": "https://registry.npmjs.org/typed-query-selector/-/typed-query-selector-2.6.1.tgz",
      "integrity": "sha512-nzzcDrI0nncM5XTNyqeG7MrcXTx8lelUtNlTP+NvpnOfRzApyr+ZW4H/FoOaPfzmjn++Tf0ZxXpBN7Q3FN3ERw=="
    }
  }
}
